
Microsoft Visual Studio Solution File, Format Version 12.00
# Visual Studio 15
Project("{FAE04EC0-301F-11D3-BF4B-00C04F79EFBC}") = "DonationTracker.Desktop", "DonationTracker_DesktopLayer\DonationTracker.Desktop.csproj", "{A475E9CF-D667-4B7B-8499-AB350C380803}"
EndProject
Project("{FAE04EC0-301F-11D3-BF4B-00C04F79EFBC}") = "DonationTracker.Integration", "DonationTracker_IntegrationLayer\DonationTracker.Integration.csproj", "{004CE5E0-02BE-46A2-A7BA-B0AA577DF968}"
EndProject
Project("{FAE04EC0-301F-11D3-BF4B-00C04F79EFBC}") = "DonationTracker.Service", "DonationTracker_ServiceLayer\DonationTracker.Service.csproj", "{AB1A404E-37B6-4BA3-9D37-C659D0B9396F}"
EndProject
Project("{2150E333-8FDC-42A3-9474-1A3956D46DE8}") = "Solution Items", "Solution Items", "{38A48EDB-B39D-4373-8F4B-2CF5133069DA}"
	ProjectSection(SolutionItems) = preProject
		README.md = README.md
	EndProjectSection
EndProject
Global
	GlobalSection(SolutionConfigurationPlatforms) = preSolution
		Debug|anycpu = Debug|anycpu
		Release|anycpu = Release|anycpu
	EndGlobalSection
	GlobalSection(ProjectConfigurationPlatforms) = postSolution
		{A475E9CF-D667-4B7B-8499-AB350C380803}.Debug|anycpu.ActiveCfg = Debug|anycpu
		{A475E9CF-D667-4B7B-8499-AB350C380803}.Debug|anycpu.Build.0 = Debug|anycpu
		{A475E9CF-D667-4B7B-8499-AB350C380803}.Release|anycpu.ActiveCfg = Release|anycpu
		{A475E9CF-D667-4B7B-8499-AB350C380803}.Release|anycpu.Build.0 = Release|anycpu
		{004CE5E0-02BE-46A2-A7BA-B0AA577DF968}.Debug|anycpu.ActiveCfg = Debug|Any CPU
		{004CE5E0-02BE-46A2-A7BA-B0AA577DF968}.Debug|anycpu.Build.0 = Debug|Any CPU
		{004CE5E0-02BE-46A2-A7BA-B0AA577DF968}.Release|anycpu.ActiveCfg = Release|Any CPU
		{004CE5E0-02BE-46A2-A7BA-B0AA577DF968}.Release|anycpu.Build.0 = Release|Any CPU
		{AB1A404E-37B6-4BA3-9D37-C659D0B9396F}.Debug|anycpu.ActiveCfg = Debug|Any CPU
		{AB1A404E-37B6-4BA3-9D37-C659D0B9396F}.Debug|anycpu.Build.0 = Debug|Any CPU
		{AB1A404E-37B6-4BA3-9D37-C659D0B9396F}.Release|anycpu.ActiveCfg = Release|Any CPU
		{AB1A404E-37B6-4BA3-9D37-C659D0B9396F}.Release|anycpu.Build.0 = Release|Any CPU
	EndGlobalSection
EndGlobal
